
Microsoft Visual Studio Solution File, Format Version 12.00
# Visual Studio 15
VisualStudioVersion = 15.0.27130.2036
MinimumVisualStudioVersion = 10.0.40219.1
Project("{FAE04EC0-301F-11D3-BF4B-00C04F79EFBC}") = "CalculadoraCompleta", "CalculadoraCompleta\CalculadoraCompleta.csproj", "{D86C7E32-DC33-451E-9C39-990B33CEDF13}"
EndProject
Global
	GlobalSection(SolutionConfigurationPlatforms) = preSolution
		Debug|Any CPU = Debug|Any CPU
		Release|Any CPU = Release|Any CPU
	EndGlobalSection
	GlobalSection(ProjectConfigurationPlatforms) = postSolution
		{D86C7E32-DC33-451E-9C39-990B33CEDF13}.Debug|Any CPU.ActiveCfg = Debug|Any CPU
		{D86C7E32-DC33-451E-9C39-990B33CEDF13}.Debug|Any CPU.Build.0 = Debug|Any CPU
		{D86C7E32-DC33-451E-9C39-990B33CEDF13}.Release|Any CPU.ActiveCfg = Release|Any CPU
		{D86C7E32-DC33-451E-9C39-990B33CEDF13}.Release|Any CPU.Build.0 = Release|Any CPU
	EndGlobalSection
	GlobalSection(SolutionProperties) = preSolution
		HideSolutionNode = FALSE
	EndGlobalSection
	GlobalSection(ExtensibilityGlobals) = postSolution
		SolutionGuid = {5C0F57FD-A095-4DB8-BBDA-7DA5C6B4895E}
	EndGlobalSection
EndGlobal
